
Microsoft Visual Studio Solution File, Format Version 12.00
# Visual Studio Version 17
VisualStudioVersion = 17.11.35201.85
MinimumVisualStudioVersion = 10.0.40219.1
Project("{9A19103F-16F7-4668-BE54-9A1E7A4F7556}") = "DistributedApplicationAuth.AppHost", "DistributedApplicationAuth\DistributedApplicationAuth.AppHost\DistributedApplicationAuth.AppHost.csproj", "{1C00B99A-F697-438C-AC5D-EA67EB1FDE52}"
EndProject
Project("{9A19103F-16F7-4668-BE54-9A1E7A4F7556}") = "DistributedApplicationAuth.ServiceDefaults", "DistributedApplicationAuth\DistributedApplicationAuth.ServiceDefaults\DistributedApplicationAuth.ServiceDefaults.csproj", "{C4883F1A-30A3-487F-AA3E-C1673F620B5B}"
EndProject
Project("{9A19103F-16F7-4668-BE54-9A1E7A4F7556}") = "DistributedApplicationAuth.ApiService", "DistributedApplicationAuth\DistributedApplicationAuth.ApiService\DistributedApplicationAuth.ApiService.csproj", "{0531A149-AD0F-473C-9870-54EF7F0A0C3B}"
EndProject
Project("{9A19103F-16F7-4668-BE54-9A1E7A4F7556}") = "DistributedApplicationAuth.Web", "DistributedApplicationAuth\DistributedApplicationAuth.Web\DistributedApplicationAuth.Web.csproj", "{C2932324-EE50-4EDE-8576-D4AE7441C292}"
EndProject
Project("{2150E333-8FDC-42A3-9474-1A3956D46DE8}") = "DistributedApplicationAuth", "DistributedApplicationAuth", "{915DBE37-A2F5-4C99-A2B3-7C1B0629C8EC}"
EndProject
Project("{9A19103F-16F7-4668-BE54-9A1E7A4F7556}") = "GitConfiguration", "GitConfiguration\GitConfiguration.csproj", "{F6F00821-7216-41B7-B595-624326610551}"
EndProject
Project("{2150E333-8FDC-42A3-9474-1A3956D46DE8}") = "DashboardConfiguration", "DashboardConfiguration", "{C4CAF4B4-CFEB-4420-B2FA-2135EB9818B7}"
EndProject
Project("{FAE04EC0-301F-11D3-BF4B-00C04F79EFBC}") = "DashboardConfiguration.AppHost", "DashboardConfiguration\DashboardConfiguration.AppHost\DashboardConfiguration.AppHost.csproj", "{68E9F0F7-7B78-4AB4-960F-CC6242F9F11F}"
EndProject
Project("{9A19103F-16F7-4668-BE54-9A1E7A4F7556}") = "DashboardConfiguration.ServiceDefaults", "DashboardConfiguration\DashboardConfiguration.ServiceDefaults\DashboardConfiguration.ServiceDefaults.csproj", "{A192CE13-76BA-40BB-A490-952AC3504DE2}"
EndProject
Project("{9A19103F-16F7-4668-BE54-9A1E7A4F7556}") = "DashboardConfiguration.ApiService", "DashboardConfiguration\DashboardConfiguration.ApiService\DashboardConfiguration.ApiService.csproj", "{550B8104-3BEF-4213-8914-5FE41FE9D186}"
EndProject
Project("{9A19103F-16F7-4668-BE54-9A1E7A4F7556}") = "DashboardConfiguration.Web", "DashboardConfiguration\DashboardConfiguration.Web\DashboardConfiguration.Web.csproj", "{82A23C9F-8705-481A-B0E0-DAC27F73F785}"
EndProject
Project("{2150E333-8FDC-42A3-9474-1A3956D46DE8}") = "MauiAspireOllama", "MauiAspireOllama", "{779D8643-5F9B-4B4E-BA7F-2C90A7C6FE2F}"
EndProject
Project("{FAE04EC0-301F-11D3-BF4B-00C04F79EFBC}") = "MauiAspireOllama.AppHost", "MauiAspireOllama\MauiAspireOllama.AppHost\MauiAspireOllama.AppHost.csproj", "{1EEC7897-A25D-4973-8E49-15581A7081D9}"
EndProject
Project("{FAE04EC0-301F-11D3-BF4B-00C04F79EFBC}") = "MauiAspireOllama.ServiceDefaults", "MauiAspireOllama\MauiAspireOllama.ServiceDefaults\MauiAspireOllama.ServiceDefaults.csproj", "{DE51F125-1ECB-4FD4-AADC-2624A5288394}"
EndProject
Project("{FAE04EC0-301F-11D3-BF4B-00C04F79EFBC}") = "MauiAspireOllama.ApiService", "MauiAspireOllama\MauiAspireOllama.ApiService\MauiAspireOllama.ApiService.csproj", "{D3B3AEBF-C0A1-42F9-8210-24FC7FD74093}"
EndProject
Project("{FAE04EC0-301F-11D3-BF4B-00C04F79EFBC}") = "MauiAspireOllama.Web", "MauiAspireOllama\MauiAspireOllama.Web\MauiAspireOllama.Web.csproj", "{8CB81B1B-5F05-4FF7-A341-339D5A9DC533}"
EndProject
Project("{FAE04EC0-301F-11D3-BF4B-00C04F79EFBC}") = "MauiAspireOllama.ClientStub", "MauiAspireOllama\MauiAspireOllama.ClientStub\MauiAspireOllama.ClientStub.csproj", "{3D0B6CD5-EB3F-4E0A-BFD6-D834C1EB3A86}"
EndProject
Project("{FAE04EC0-301F-11D3-BF4B-00C04F79EFBC}") = "MauiAspireOllama", "MauiAspireOllama\MauiAspireOllama\MauiAspireOllama.csproj", "{5B70DB70-B943-4F29-8470-8AC90DCEB4FE}"
EndProject
Project("{FAE04EC0-301F-11D3-BF4B-00C04F79EFBC}") = "MauiAspireOllana.Shared", "MauiAspireOllama\MauiAspireOllana.Shared\MauiAspireOllana.Shared.csproj", "{4B3C9C69-3B3B-4BEC-8E89-3C6FB29894FD}"
EndProject
Project("{2150E333-8FDC-42A3-9474-1A3956D46DE8}") = "Solution Items", "Solution Items", "{CF9A908A-3003-44C1-B4FF-98B61F566010}"
	ProjectSection(SolutionItems) = preProject
		Directory.Build.props = Directory.Build.props
		.github\workflows\dotnet.yml = .github\workflows\dotnet.yml
		LICENSE = LICENSE
		NuGet.config = NuGet.config
		README.mdpp = README.mdpp
		SETUP.md = SETUP.md
	EndProjectSection
EndProject
Global
	GlobalSection(SolutionConfigurationPlatforms) = preSolution
		Debug|Any CPU = Debug|Any CPU
		Release|Any CPU = Release|Any CPU
	EndGlobalSection
	GlobalSection(ProjectConfigurationPlatforms) = postSolution
		{1C00B99A-F697-438C-AC5D-EA67EB1FDE52}.Debug|Any CPU.ActiveCfg = Debug|Any CPU
		{1C00B99A-F697-438C-AC5D-EA67EB1FDE52}.Debug|Any CPU.Build.0 = Debug|Any CPU
		{1C00B99A-F697-438C-AC5D-EA67EB1FDE52}.Release|Any CPU.ActiveCfg = Release|Any CPU
		{1C00B99A-F697-438C-AC5D-EA67EB1FDE52}.Release|Any CPU.Build.0 = Release|Any CPU
		{C4883F1A-30A3-487F-AA3E-C1673F620B5B}.Debug|Any CPU.ActiveCfg = Debug|Any CPU
		{C4883F1A-30A3-487F-AA3E-C1673F620B5B}.Debug|Any CPU.Build.0 = Debug|Any CPU
		{C4883F1A-30A3-487F-AA3E-C1673F620B5B}.Release|Any CPU.ActiveCfg = Release|Any CPU
		{C4883F1A-30A3-487F-AA3E-C1673F620B5B}.Release|Any CPU.Build.0 = Release|Any CPU
		{0531A149-AD0F-473C-9870-54EF7F0A0C3B}.Debug|Any CPU.ActiveCfg = Debug|Any CPU
		{0531A149-AD0F-473C-9870-54EF7F0A0C3B}.Debug|Any CPU.Build.0 = Debug|Any CPU
		{0531A149-AD0F-473C-9870-54EF7F0A0C3B}.Release|Any CPU.ActiveCfg = Release|Any CPU
		{0531A149-AD0F-473C-9870-54EF7F0A0C3B}.Release|Any CPU.Build.0 = Release|Any CPU
		{C2932324-EE50-4EDE-8576-D4AE7441C292}.Debug|Any CPU.ActiveCfg = Debug|Any CPU
		{C2932324-EE50-4EDE-8576-D4AE7441C292}.Debug|Any CPU.Build.0 = Debug|Any CPU
		{C2932324-EE50-4EDE-8576-D4AE7441C292}.Release|Any CPU.ActiveCfg = Release|Any CPU
		{C2932324-EE50-4EDE-8576-D4AE7441C292}.Release|Any CPU.Build.0 = Release|Any CPU
		{F6F00821-7216-41B7-B595-624326610551}.Debug|Any CPU.ActiveCfg = Debug|Any CPU
		{F6F00821-7216-41B7-B595-624326610551}.Debug|Any CPU.Build.0 = Debug|Any CPU
		{F6F00821-7216-41B7-B595-624326610551}.Release|Any CPU.ActiveCfg = Release|Any CPU
		{F6F00821-7216-41B7-B595-624326610551}.Release|Any CPU.Build.0 = Release|Any CPU
		{68E9F0F7-7B78-4AB4-960F-CC6242F9F11F}.Debug|Any CPU.ActiveCfg = Debug|Any CPU
		{68E9F0F7-7B78-4AB4-960F-CC6242F9F11F}.Debug|Any CPU.Build.0 = Debug|Any CPU
		{68E9F0F7-7B78-4AB4-960F-CC6242F9F11F}.Release|Any CPU.ActiveCfg = Release|Any CPU
		{68E9F0F7-7B78-4AB4-960F-CC6242F9F11F}.Release|Any CPU.Build.0 = Release|Any CPU
		{A192CE13-76BA-40BB-A490-952AC3504DE2}.Debug|Any CPU.ActiveCfg = Debug|Any CPU
		{A192CE13-76BA-40BB-A490-952AC3504DE2}.Debug|Any CPU.Build.0 = Debug|Any CPU
		{A192CE13-76BA-40BB-A490-952AC3504DE2}.Release|Any CPU.ActiveCfg = Release|Any CPU
		{A192CE13-76BA-40BB-A490-952AC3504DE2}.Release|Any CPU.Build.0 = Release|Any CPU
		{550B8104-3BEF-4213-8914-5FE41FE9D186}.Debug|Any CPU.ActiveCfg = Debug|Any CPU
		{550B8104-3BEF-4213-8914-5FE41FE9D186}.Debug|Any CPU.Build.0 = Debug|Any CPU
		{550B8104-3BEF-4213-8914-5FE41FE9D186}.Release|Any CPU.ActiveCfg = Release|Any CPU
		{550B8104-3BEF-4213-8914-5FE41FE9D186}.Release|Any CPU.Build.0 = Release|Any CPU
		{82A23C9F-8705-481A-B0E0-DAC27F73F785}.Debug|Any CPU.ActiveCfg = Debug|Any CPU
		{82A23C9F-8705-481A-B0E0-DAC27F73F785}.Debug|Any CPU.Build.0 = Debug|Any CPU
		{82A23C9F-8705-481A-B0E0-DAC27F73F785}.Release|Any CPU.ActiveCfg = Release|Any CPU
		{82A23C9F-8705-481A-B0E0-DAC27F73F785}.Release|Any CPU.Build.0 = Release|Any CPU
		{1EEC7897-A25D-4973-8E49-15581A7081D9}.Debug|Any CPU.ActiveCfg = Debug|Any CPU
		{1EEC7897-A25D-4973-8E49-15581A7081D9}.Debug|Any CPU.Build.0 = Debug|Any CPU
		{1EEC7897-A25D-4973-8E49-15581A7081D9}.Release|Any CPU.ActiveCfg = Release|Any CPU
		{1EEC7897-A25D-4973-8E49-15581A7081D9}.Release|Any CPU.Build.0 = Release|Any CPU
		{DE51F125-1ECB-4FD4-AADC-2624A5288394}.Debug|Any CPU.ActiveCfg = Debug|Any CPU
		{DE51F125-1ECB-4FD4-AADC-2624A5288394}.Debug|Any CPU.Build.0 = Debug|Any CPU
		{DE51F125-1ECB-4FD4-AADC-2624A5288394}.Release|Any CPU.ActiveCfg = Release|Any CPU
		{DE51F125-1ECB-4FD4-AADC-2624A5288394}.Release|Any CPU.Build.0 = Release|Any CPU
		{D3B3AEBF-C0A1-42F9-8210-24FC7FD74093}.Debug|Any CPU.ActiveCfg = Debug|Any CPU
		{D3B3AEBF-C0A1-42F9-8210-24FC7FD74093}.Debug|Any CPU.Build.0 = Debug|Any CPU
		{D3B3AEBF-C0A1-42F9-8210-24FC7FD74093}.Release|Any CPU.ActiveCfg = Release|Any CPU
		{D3B3AEBF-C0A1-42F9-8210-24FC7FD74093}.Release|Any CPU.Build.0 = Release|Any CPU
		{8CB81B1B-5F05-4FF7-A341-339D5A9DC533}.Debug|Any CPU.ActiveCfg = Debug|Any CPU
		{8CB81B1B-5F05-4FF7-A341-339D5A9DC533}.Debug|Any CPU.Build.0 = Debug|Any CPU
		{8CB81B1B-5F05-4FF7-A341-339D5A9DC533}.Release|Any CPU.ActiveCfg = Release|Any CPU
		{8CB81B1B-5F05-4FF7-A341-339D5A9DC533}.Release|Any CPU.Build.0 = Release|Any CPU
		{3D0B6CD5-EB3F-4E0A-BFD6-D834C1EB3A86}.Debug|Any CPU.ActiveCfg = Debug|Any CPU
		{3D0B6CD5-EB3F-4E0A-BFD6-D834C1EB3A86}.Debug|Any CPU.Build.0 = Debug|Any CPU
		{3D0B6CD5-EB3F-4E0A-BFD6-D834C1EB3A86}.Release|Any CPU.ActiveCfg = Release|Any CPU
		{3D0B6CD5-EB3F-4E0A-BFD6-D834C1EB3A86}.Release|Any CPU.Build.0 = Release|Any CPU
		{5B70DB70-B943-4F29-8470-8AC90DCEB4FE}.Debug|Any CPU.ActiveCfg = Debug|Any CPU
		{5B70DB70-B943-4F29-8470-8AC90DCEB4FE}.Debug|Any CPU.Build.0 = Debug|Any CPU
		{5B70DB70-B943-4F29-8470-8AC90DCEB4FE}.Debug|Any CPU.Deploy.0 = Debug|Any CPU
		{5B70DB70-B943-4F29-8470-8AC90DCEB4FE}.Release|Any CPU.ActiveCfg = Release|Any CPU
		{5B70DB70-B943-4F29-8470-8AC90DCEB4FE}.Release|Any CPU.Build.0 = Release|Any CPU
		{5B70DB70-B943-4F29-8470-8AC90DCEB4FE}.Release|Any CPU.Deploy.0 = Release|Any CPU
		{4B3C9C69-3B3B-4BEC-8E89-3C6FB29894FD}.Debug|Any CPU.ActiveCfg = Debug|Any CPU
		{4B3C9C69-3B3B-4BEC-8E89-3C6FB29894FD}.Debug|Any CPU.Build.0 = Debug|Any CPU
		{4B3C9C69-3B3B-4BEC-8E89-3C6FB29894FD}.Release|Any CPU.ActiveCfg = Release|Any CPU
		{4B3C9C69-3B3B-4BEC-8E89-3C6FB29894FD}.Release|Any CPU.Build.0 = Release|Any CPU
	EndGlobalSection
	GlobalSection(SolutionProperties) = preSolution
		HideSolutionNode = FALSE
	EndGlobalSection
	GlobalSection(NestedProjects) = preSolution
		{1C00B99A-F697-438C-AC5D-EA67EB1FDE52} = {915DBE37-A2F5-4C99-A2B3-7C1B0629C8EC}
		{C4883F1A-30A3-487F-AA3E-C1673F620B5B} = {915DBE37-A2F5-4C99-A2B3-7C1B0629C8EC}
		{0531A149-AD0F-473C-9870-54EF7F0A0C3B} = {915DBE37-A2F5-4C99-A2B3-7C1B0629C8EC}
		{C2932324-EE50-4EDE-8576-D4AE7441C292} = {915DBE37-A2F5-4C99-A2B3-7C1B0629C8EC}
		{68E9F0F7-7B78-4AB4-960F-CC6242F9F11F} = {C4CAF4B4-CFEB-4420-B2FA-2135EB9818B7}
		{A192CE13-76BA-40BB-A490-952AC3504DE2} = {C4CAF4B4-CFEB-4420-B2FA-2135EB9818B7}
		{550B8104-3BEF-4213-8914-5FE41FE9D186} = {C4CAF4B4-CFEB-4420-B2FA-2135EB9818B7}
		{82A23C9F-8705-481A-B0E0-DAC27F73F785} = {C4CAF4B4-CFEB-4420-B2FA-2135EB9818B7}
		{1EEC7897-A25D-4973-8E49-15581A7081D9} = {779D8643-5F9B-4B4E-BA7F-2C90A7C6FE2F}
		{DE51F125-1ECB-4FD4-AADC-2624A5288394} = {779D8643-5F9B-4B4E-BA7F-2C90A7C6FE2F}
		{D3B3AEBF-C0A1-42F9-8210-24FC7FD74093} = {779D8643-5F9B-4B4E-BA7F-2C90A7C6FE2F}
		{8CB81B1B-5F05-4FF7-A341-339D5A9DC533} = {779D8643-5F9B-4B4E-BA7F-2C90A7C6FE2F}
		{3D0B6CD5-EB3F-4E0A-BFD6-D834C1EB3A86} = {779D8643-5F9B-4B4E-BA7F-2C90A7C6FE2F}
		{5B70DB70-B943-4F29-8470-8AC90DCEB4FE} = {779D8643-5F9B-4B4E-BA7F-2C90A7C6FE2F}
		{4B3C9C69-3B3B-4BEC-8E89-3C6FB29894FD} = {779D8643-5F9B-4B4E-BA7F-2C90A7C6FE2F}
	EndGlobalSection
	GlobalSection(ExtensibilityGlobals) = postSolution
		SolutionGuid = {16559AAD-BCC1-4C25-A21C-2131857A9C36}
	EndGlobalSection
EndGlobal
